
Microsoft Visual Studio Solution File, Format Version 12.00
# Visual Studio Version 17
VisualStudioVersion = 17.5.33424.131
MinimumVisualStudioVersion = 10.0.40219.1
Project("{FAE04EC0-301F-11D3-BF4B-00C04F79EFBC}") = "Chapter6_Command", "Chapter6_Command\Chapter6_Command.csproj", "{B625408B-7744-42C9-BF5B-3C9332F817BE}"
EndProject
Global
	GlobalSection(SolutionConfigurationPlatforms) = preSolution
		Debug|Any CPU = Debug|Any CPU
		Release|Any CPU = Release|Any CPU
	EndGlobalSection
	GlobalSection(ProjectConfigurationPlatforms) = postSolution
		{B625408B-7744-42C9-BF5B-3C9332F817BE}.Debug|Any CPU.ActiveCfg = Debug|Any CPU
		{B625408B-7744-42C9-BF5B-3C9332F817BE}.Debug|Any CPU.Build.0 = Debug|Any CPU
		{B625408B-7744-42C9-BF5B-3C9332F817BE}.Release|Any CPU.ActiveCfg = Release|Any CPU
		{B625408B-7744-42C9-BF5B-3C9332F817BE}.Release|Any CPU.Build.0 = Release|Any CPU
	EndGlobalSection
	GlobalSection(SolutionProperties) = preSolution
		HideSolutionNode = FALSE
	EndGlobalSection
	GlobalSection(ExtensibilityGlobals) = postSolution
		SolutionGuid = {52ACDDB1-103C-4508-B8EA-C97480DFFF7B}
	EndGlobalSection
EndGlobal
