
Microsoft Visual Studio Solution File, Format Version 12.00
# Visual Studio Version 16
VisualStudioVersion = 16.0.30907.101
MinimumVisualStudioVersion = 10.0.40219.1
Project("{FAE04EC0-301F-11D3-BF4B-00C04F79EFBC}") = "Chapter1", "Chapter1\Chapter1.csproj", "{008737D4-8617-4A0C-8D75-BDF8CDE6F185}"
EndProject
Project("{2150E333-8FDC-42A3-9474-1A3956D46DE8}") = "Solution Items", "Solution Items", "{7B3379F1-3DBA-477E-9120-06C1219B22F1}"
	ProjectSection(SolutionItems) = preProject
		.editorconfig = .editorconfig
	EndProjectSection
EndProject
Global
	GlobalSection(SolutionConfigurationPlatforms) = preSolution
		Debug|Any CPU = Debug|Any CPU
		Release|Any CPU = Release|Any CPU
	EndGlobalSection
	GlobalSection(ProjectConfigurationPlatforms) = postSolution
		{008737D4-8617-4A0C-8D75-BDF8CDE6F185}.Debug|Any CPU.ActiveCfg = Debug|Any CPU
		{008737D4-8617-4A0C-8D75-BDF8CDE6F185}.Debug|Any CPU.Build.0 = Debug|Any CPU
		{008737D4-8617-4A0C-8D75-BDF8CDE6F185}.Release|Any CPU.ActiveCfg = Release|Any CPU
		{008737D4-8617-4A0C-8D75-BDF8CDE6F185}.Release|Any CPU.Build.0 = Release|Any CPU
	EndGlobalSection
	GlobalSection(SolutionProperties) = preSolution
		HideSolutionNode = FALSE
	EndGlobalSection
	GlobalSection(ExtensibilityGlobals) = postSolution
		SolutionGuid = {6E3D544C-97F0-4ACA-8C93-F7970812F1D5}
	EndGlobalSection
EndGlobal
